// !$*UTF8*$!
{
	archiveVersion = 1;
	classes = {
	};
	objectVersion = 46;
	objects = {

/* Begin PBXBuildFile section */
		A87D850A1DCEB9E100969D4E /* AppDelegate.swift in Sources */ = {isa = PBXBuildFile; fileRef = A87D85091DCEB9E100969D4E /* AppDelegate.swift */; };
		A87D850C1DCEB9E100969D4E /* ViewController.swift in Sources */ = {isa = PBXBuildFile; fileRef = A87D850B1DCEB9E100969D4E /* ViewController.swift */; };
		A87D850F1DCEB9E100969D4E /* Main.storyboard in Resources */ = {isa = PBXBuildFile; fileRef = A87D850D1DCEB9E100969D4E /* Main.storyboard */; };
		A87D85121DCEB9E100969D4E /* Budgeter.xcdatamodeld in Sources */ = {isa = PBXBuildFile; fileRef = A87D85101DCEB9E100969D4E /* Budgeter.xcdatamodeld */; };
		A87D85141DCEB9E100969D4E /* Assets.xcassets in Resources */ = {isa = PBXBuildFile; fileRef = A87D85131DCEB9E100969D4E /* Assets.xcassets */; };
		A87D85171DCEB9E100969D4E /* LaunchScreen.storyboard in Resources */ = {isa = PBXBuildFile; fileRef = A87D85151DCEB9E100969D4E /* LaunchScreen.storyboard */; };
		A87D85221DCEB9E200969D4E /* BudgeterTests.swift in Sources */ = {isa = PBXBuildFile; fileRef = A87D85211DCEB9E200969D4E /* BudgeterTests.swift */; };
		A87D852D1DCEB9E200969D4E /* BudgeterUITests.swift in Sources */ = {isa = PBXBuildFile; fileRef = A87D852C1DCEB9E200969D4E /* BudgeterUITests.swift */; };
/* End PBXBuildFile section */

/* Begin PBXContainerItemProxy section */
		A87D851E1DCEB9E200969D4E /* PBXContainerItemProxy */ = {
			isa = PBXContainerItemProxy;
			containerPortal = A87D84FE1DCEB9E100969D4E /* Project object */;
			proxyType = 1;
			remoteGlobalIDString = A87D85051DCEB9E100969D4E;
			remoteInfo = Budgeter;
		};
		A87D85291DCEB9E200969D4E /* PBXContainerItemProxy */ = {
			isa = PBXContainerItemProxy;
			containerPortal = A87D84FE1DCEB9E100969D4E /* Project object */;
			proxyType = 1;
			remoteGlobalIDString = A87D85051DCEB9E100969D4E;
			remoteInfo = Budgeter;
		};
/* End PBXContainerItemProxy section */

/* Begin PBXFileReference section */
		A87D85061DCEB9E100969D4E /* Budgeter.app */ = {isa = PBXFileReference; explicitFileType = wrapper.application; includeInIndex = 0; path = Budgeter.app; sourceTree = BUILT_PRODUCTS_DIR; };
		A87D85091DCEB9E100969D4E /* AppDelegate.swift */ = {isa = PBXFileReference; lastKnownFileType = sourcecode.swift; path = AppDelegate.swift; sourceTree = "<group>"; };
		A87D850B1DCEB9E100969D4E /* ViewController.swift */ = {isa = PBXFileReference; lastKnownFileType = sourcecode.swift; path = ViewController.swift; sourceTree = "<group>"; };
		A87D850E1DCEB9E100969D4E /* Base */ = {isa = PBXFileReference; lastKnownFileType = file.storyboard; name = Base; path = Base.lproj/Main.storyboard; sourceTree = "<group>"; };
		A87D85111DCEB9E100969D4E /* Budgeter.xcdatamodel */ = {isa = PBXFileReference; lastKnownFileType = wrapper.xcdatamodel; path = Budgeter.xcdatamodel; sourceTree = "<group>"; };
		A87D85131DCEB9E100969D4E /* Assets.xcassets */ = {isa = PBXFileReference; lastKnownFileType = folder.assetcatalog; path = Assets.xcassets; sourceTree = "<group>"; };
		A87D85161DCEB9E100969D4E /* Base */ = {isa = PBXFileReference; lastKnownFileType = file.storyboard; name = Base; path = Base.lproj/LaunchScreen.storyboard; sourceTree = "<group>"; };
		A87D85181DCEB9E100969D4E /* Info.plist */ = {isa = PBXFileReference; lastKnownFileType = text.plist.xml; path = Info.plist; sourceTree = "<group>"; };
		A87D851D1DCEB9E200969D4E /* BudgeterTests.xctest */ = {isa = PBXFileReference; explicitFileType = wrapper.cfbundle; includeInIndex = 0; path = BudgeterTests.xctest; sourceTree = BUILT_PRODUCTS_DIR; };
		A87D85211DCEB9E200969D4E /* BudgeterTests.swift */ = {isa = PBXFileReference; lastKnownFileType = sourcecode.swift; path = BudgeterTests.swift; sourceTree = "<group>"; };
		A87D85231DCEB9E200969D4E /* Info.plist */ = {isa = PBXFileReference; lastKnownFileType = text.plist.xml; path = Info.plist; sourceTree = "<group>"; };
		A87D85281DCEB9E200969D4E /* BudgeterUITests.xctest */ = {isa = PBXFileReference; explicitFileType = wrapper.cfbundle; includeInIndex = 0; path = BudgeterUITests.xctest; sourceTree = BUILT_PRODUCTS_DIR; };
		A87D852C1DCEB9E200969D4E /* BudgeterUITests.swift */ = {isa = PBXFileReference; lastKnownFileType = sourcecode.swift; path = BudgeterUITests.swift; sourceTree = "<group>"; };
		A87D852E1DCEB9E200969D4E /* Info.plist */ = {isa = PBXFileReference; lastKnownFileType = text.plist.xml; path = Info.plist; sourceTree = "<group>"; };
/* End PBXFileReference section */

/* Begin PBXFrameworksBuildPhase section */
		A87D85031DCEB9E100969D4E /* Frameworks */ = {
			isa = PBXFrameworksBuildPhase;
			buildActionMask = 2147483647;
			files = (
			);
			runOnlyForDeploymentPostprocessing = 0;
		};
		A87D851A1DCEB9E200969D4E /* Frameworks */ = {
			isa = PBXFrameworksBuildPhase;
			buildActionMask = 2147483647;
			files = (
			);
			runOnlyForDeploymentPostprocessing = 0;
		};
		A87D85251DCEB9E200969D4E /* Frameworks */ = {
			isa = PBXFrameworksBuildPhase;
			buildActionMask = 2147483647;
			files = (
			);
			runOnlyForDeploymentPostprocessing = 0;
		};
/* End PBXFrameworksBuildPhase section */

/* Begin PBXGroup section */
		A87D84FD1DCEB9E100969D4E = {
			isa = PBXGroup;
			children = (
				A87D85081DCEB9E100969D4E /* Budgeter */,
				A87D85201DCEB9E200969D4E /* BudgeterTests */,
				A87D852B1DCEB9E200969D4E /* BudgeterUITests */,
				A87D85071DCEB9E100969D4E /* Products */,
			);
			sourceTree = "<group>";
		};
		A87D85071DCEB9E100969D4E /* Products */ = {
			isa = PBXGroup;
			children = (
				A87D85061DCEB9E100969D4E /* Budgeter.app */,
				A87D851D1DCEB9E200969D4E /* BudgeterTests.xctest */,
				A87D85281DCEB9E200969D4E /* BudgeterUITests.xctest */,
			);
			name = Products;
			sourceTree = "<group>";
		};
		A87D85081DCEB9E100969D4E /* Budgeter */ = {
			isa = PBXGroup;
			children = (
				A87D85091DCEB9E100969D4E /* AppDelegate.swift */,
				A87D850B1DCEB9E100969D4E /* ViewController.swift */,
				A87D850D1DCEB9E100969D4E /* Main.storyboard */,
				A87D85131DCEB9E100969D4E /* Assets.xcassets */,
				A87D85151DCEB9E100969D4E /* LaunchScreen.storyboard */,
				A87D85181DCEB9E100969D4E /* Info.plist */,
				A87D85101DCEB9E100969D4E /* Budgeter.xcdatamodeld */,
			);
			path = Budgeter;
			sourceTree = "<group>";
		};
		A87D85201DCEB9E200969D4E /* BudgeterTests */ = {
			isa = PBXGroup;
			children = (
				A87D85211DCEB9E200969D4E /* BudgeterTests.swift */,
				A87D85231DCEB9E200969D4E /* Info.plist */,
			);
			path = BudgeterTests;
			sourceTree = "<group>";
		};
		A87D852B1DCEB9E200969D4E /* BudgeterUITests */ = {
			isa = PBXGroup;
			children = (
				A87D852C1DCEB9E200969D4E /* BudgeterUITests.swift */,
				A87D852E1DCEB9E200969D4E /* Info.plist */,
			);
			path = BudgeterUITests;
			sourceTree = "<group>";
		};
/* End PBXGroup section */

/* Begin PBXNativeTarget section */
		A87D85051DCEB9E100969D4E /* Budgeter */ = {
			isa = PBXNativeTarget;
			buildConfigurationList = A87D85311DCEB9E200969D4E /* Build configuration list for PBXNativeTarget "Budgeter" */;
			buildPhases = (
				A87D85021DCEB9E100969D4E /* Sources */,
				A87D85031DCEB9E100969D4E /* Frameworks */,
				A87D85041DCEB9E100969D4E /* Resources */,
			);
			buildRules = (
			);
			dependencies = (
			);
			name = Budgeter;
			productName = Budgeter;
			productReference = A87D85061DCEB9E100969D4E /* Budgeter.app */;
			productType = "com.apple.product-type.application";
		};
		A87D851C1DCEB9E200969D4E /* BudgeterTests */ = {
			isa = PBXNativeTarget;
			buildConfigurationList = A87D85341DCEB9E200969D4E /* Build configuration list for PBXNativeTarget "BudgeterTests" */;
			buildPhases = (
				A87D85191DCEB9E200969D4E /* Sources */,
				A87D851A1DCEB9E200969D4E /* Frameworks */,
				A87D851B1DCEB9E200969D4E /* Resources */,
			);
			buildRules = (
			);
			dependencies = (
				A87D851F1DCEB9E200969D4E /* PBXTargetDependency */,
			);
			name = BudgeterTests;
			productName = BudgeterTests;
			productReference = A87D851D1DCEB9E200969D4E /* BudgeterTests.xctest */;
			productType = "com.apple.product-type.bundle.unit-test";
		};
		A87D85271DCEB9E200969D4E /* BudgeterUITests */ = {
			isa = PBXNativeTarget;
			buildConfigurationList = A87D85371DCEB9E200969D4E /* Build configuration list for PBXNativeTarget "BudgeterUITests" */;
			buildPhases = (
				A87D85241DCEB9E200969D4E /* Sources */,
				A87D85251DCEB9E200969D4E /* Frameworks */,
				A87D85261DCEB9E200969D4E /* Resources */,
			);
			buildRules = (
			);
			dependencies = (
				A87D852A1DCEB9E200969D4E /* PBXTargetDependency */,
			);
			name = BudgeterUITests;
			productName = BudgeterUITests;
			productReference = A87D85281DCEB9E200969D4E /* BudgeterUITests.xctest */;
			productType = "com.apple.product-type.bundle.ui-testing";
		};
/* End PBXNativeTarget section */

/* Begin PBXProject section */
		A87D84FE1DCEB9E100969D4E /* Project object */ = {
			isa = PBXProject;
			attributes = {
				LastSwiftUpdateCheck = 0810;
				LastUpgradeCheck = 0810;
				ORGANIZATIONNAME = YSECS;
				TargetAttributes = {
					A87D85051DCEB9E100969D4E = {
						CreatedOnToolsVersion = 8.1;
						ProvisioningStyle = Automatic;
					};
					A87D851C1DCEB9E200969D4E = {
						CreatedOnToolsVersion = 8.1;
						ProvisioningStyle = Automatic;
						TestTargetID = A87D85051DCEB9E100969D4E;
					};
					A87D85271DCEB9E200969D4E = {
						CreatedOnToolsVersion = 8.1;
						ProvisioningStyle = Automatic;
						TestTargetID = A87D85051DCEB9E100969D4E;
					};
				};
			};
			buildConfigurationList = A87D85011DCEB9E100969D4E /* Build configuration list for PBXProject "Budgeter" */;
			compatibilityVersion = "Xcode 3.2";
			developmentRegion = English;
			hasScannedForEncodings = 0;
			knownRegions = (
				en,
				Base,
			);
			mainGroup = A87D84FD1DCEB9E100969D4E;
			productRefGroup = A87D85071DCEB9E100969D4E /* Products */;
			projectDirPath = "";
			projectRoot = "";
			targets = (
				A87D85051DCEB9E100969D4E /* Budgeter */,
				A87D851C1DCEB9E200969D4E /* BudgeterTests */,
				A87D85271DCEB9E200969D4E /* BudgeterUITests */,
			);
		};
/* End PBXProject section */

/* Begin PBXResourcesBuildPhase section */
		A87D85041DCEB9E100969D4E /* Resources */ = {
			isa = PBXResourcesBuildPhase;
			buildActionMask = 2147483647;
			files = (
				A87D85171DCEB9E100969D4E /* LaunchScreen.storyboard in Resources */,
				A87D85141DCEB9E100969D4E /* Assets.xcassets in Resources */,
				A87D850F1DCEB9E100969D4E /* Main.storyboard in Resources */,
			);
			runOnlyForDeploymentPostprocessing = 0;
		};
		A87D851B1DCEB9E200969D4E /* Resources */ = {
			isa = PBXResourcesBuildPhase;
			buildActionMask = 2147483647;
			files = (
			);
			runOnlyForDeploymentPostprocessing = 0;
		};
		A87D85261DCEB9E200969D4E /* Resources */ = {
			isa = PBXResourcesBuildPhase;
			buildActionMask = 2147483647;
			files = (
			);
			runOnlyForDeploymentPostprocessing = 0;
		};
/* End PBXResourcesBuildPhase section */

/* Begin PBXSourcesBuildPhase section */
		A87D85021DCEB9E100969D4E /* Sources */ = {
			isa = PBXSourcesBuildPhase;
			buildActionMask = 2147483647;
			files = (
				A87D850C1DCEB9E100969D4E /* ViewController.swift in Sources */,
				A87D85121DCEB9E100969D4E /* Budgeter.xcdatamodeld in Sources */,
				A87D850A1DCEB9E100969D4E /* AppDelegate.swift in Sources */,
			);
			runOnlyForDeploymentPostprocessing = 0;
		};
		A87D85191DCEB9E200969D4E /* Sources */ = {
			isa = PBXSourcesBuildPhase;
			buildActionMask = 2147483647;
			files = (
				A87D85221DCEB9E200969D4E /* BudgeterTests.swift in Sources */,
			);
			runOnlyForDeploymentPostprocessing = 0;
		};
		A87D85241DCEB9E200969D4E /* Sources */ = {
			isa = PBXSourcesBuildPhase;
			buildActionMask = 2147483647;
			files = (
				A87D852D1DCEB9E200969D4E /* BudgeterUITests.swift in Sources */,
			);
			runOnlyForDeploymentPostprocessing = 0;
		};
/* End PBXSourcesBuildPhase section */

/* Begin PBXTargetDependency section */
		A87D851F1DCEB9E200969D4E /* PBXTargetDependency */ = {
			isa = PBXTargetDependency;
			target = A87D85051DCEB9E100969D4E /* Budgeter */;
			targetProxy = A87D851E1DCEB9E200969D4E /* PBXContainerItemProxy */;
		};
		A87D852A1DCEB9E200969D4E /* PBXTargetDependency */ = {
			isa = PBXTargetDependency;
			target = A87D85051DCEB9E100969D4E /* Budgeter */;
			targetProxy = A87D85291DCEB9E200969D4E /* PBXContainerItemProxy */;
		};
/* End PBXTargetDependency section */

/* Begin PBXVariantGroup section */
		A87D850D1DCEB9E100969D4E /* Main.storyboard */ = {
			isa = PBXVariantGroup;
			children = (
				A87D850E1DCEB9E100969D4E /* Base */,
			);
			name = Main.storyboard;
			sourceTree = "<group>";
		};
		A87D85151DCEB9E100969D4E /* LaunchScreen.storyboard */ = {
			isa = PBXVariantGroup;
			children = (
				A87D85161DCEB9E100969D4E /* Base */,
			);
			name = LaunchScreen.storyboard;
			sourceTree = "<group>";
		};
/* End PBXVariantGroup section */

/* Begin XCBuildConfiguration section */
		A87D852F1DCEB9E200969D4E /* Debug */ = {
			isa = XCBuildConfiguration;
			buildSettings = {
				ALWAYS_SEARCH_USER_PATHS = NO;
				CLANG_ANALYZER_NONNULL = YES;
				CLANG_CXX_LANGUAGE_STANDARD = "gnu++0x";
				CLANG_CXX_LIBRARY = "libc++";
				CLANG_ENABLE_MODULES = YES;
				CLANG_ENABLE_OBJC_ARC = YES;
				CLANG_WARN_BOOL_CONVERSION = YES;
				CLANG_WARN_CONSTANT_CONVERSION = YES;
				CLANG_WARN_DIRECT_OBJC_ISA_USAGE = YES_ERROR;
				CLANG_WARN_DOCUMENTATION_COMMENTS = YES;
				CLANG_WARN_EMPTY_BODY = YES;
				CLANG_WARN_ENUM_CONVERSION = YES;
				CLANG_WARN_INFINITE_RECURSION = YES;
				CLANG_WARN_INT_CONVERSION = YES;
				CLANG_WARN_OBJC_ROOT_CLASS = YES_ERROR;
				CLANG_WARN_SUSPICIOUS_MOVES = YES;
				CLANG_WARN_UNREACHABLE_CODE = YES;
				CLANG_WARN__DUPLICATE_METHOD_MATCH = YES;
				"CODE_SIGN_IDENTITY[sdk=iphoneos*]" = "iPhone Developer";
				COPY_PHASE_STRIP = NO;
				DEBUG_INFORMATION_FORMAT = dwarf;
				ENABLE_STRICT_OBJC_MSGSEND = YES;
				ENABLE_TESTABILITY = YES;
				GCC_C_LANGUAGE_STANDARD = gnu99;
				GCC_DYNAMIC_NO_PIC = NO;
				GCC_NO_COMMON_BLOCKS = YES;
				GCC_OPTIMIZATION_LEVEL = 0;
				GCC_PREPROCESSOR_DEFINITIONS = (
					"DEBUG=1",
					"$(inherited)",
				);
				GCC_WARN_64_TO_32_BIT_CONVERSION = YES;
				GCC_WARN_ABOUT_RETURN_TYPE = YES_ERROR;
				GCC_WARN_UNDECLARED_SELECTOR = YES;
				GCC_WARN_UNINITIALIZED_AUTOS = YES_AGGRESSIVE;
				GCC_WARN_UNUSED_FUNCTION = YES;
				GCC_WARN_UNUSED_VARIABLE = YES;
				IPHONEOS_DEPLOYMENT_TARGET = 10.1;
				MTL_ENABLE_DEBUG_INFO = YES;
				ONLY_ACTIVE_ARCH = YES;
				SDKROOT = iphoneos;
				SWIFT_ACTIVE_COMPILATION_CONDITIONS = DEBUG;
				SWIFT_OPTIMIZATION_LEVEL = "-Onone";
			};
			name = Debug;
		};
		A87D85301DCEB9E200969D4E /* Release */ = {
			isa = XCBuildConfiguration;
			buildSettings = {
				ALWAYS_SEARCH_USER_PATHS = NO;
				CLANG_ANALYZER_NONNULL = YES;
				CLANG_CXX_LANGUAGE_STANDARD = "gnu++0x";
				CLANG_CXX_LIBRARY = "libc++";
				CLANG_ENABLE_MODULES = YES;
				CLANG_ENABLE_OBJC_ARC = YES;
				CLANG_WARN_BOOL_CONVERSION = YES;
				CLANG_WARN_CONSTANT_CONVERSION = YES;
				CLANG_WARN_DIRECT_OBJC_ISA_USAGE = YES_ERROR;
				CLANG_WARN_DOCUMENTATION_COMMENTS = YES;
				CLANG_WARN_EMPTY_BODY = YES;
				CLANG_WARN_ENUM_CONVERSION = YES;
				CLANG_WARN_INFINITE_RECURSION = YES;
				CLANG_WARN_INT_CONVERSION = YES;
				CLANG_WARN_OBJC_ROOT_CLASS = YES_ERROR;
				CLANG_WARN_SUSPICIOUS_MOVES = YES;
				CLANG_WARN_UNREACHABLE_CODE = YES;
				CLANG_WARN__DUPLICATE_METHOD_MATCH = YES;
				"CODE_SIGN_IDENTITY[sdk=iphoneos*]" = "iPhone Developer";
				COPY_PHASE_STRIP = NO;
				DEBUG_INFORMATION_FORMAT = "dwarf-with-dsym";
				ENABLE_NS_ASSERTIONS = NO;
				ENABLE_STRICT_OBJC_MSGSEND = YES;
				GCC_C_LANGUAGE_STANDARD = gnu99;
				GCC_NO_COMMON_BLOCKS = YES;
				GCC_WARN_64_TO_32_BIT_CONVERSION = YES;
				GCC_WARN_ABOUT_RETURN_TYPE = YES_ERROR;
				GCC_WARN_UNDECLARED_SELECTOR = YES;
				GCC_WARN_UNINITIALIZED_AUTOS = YES_AGGRESSIVE;
				GCC_WARN_UNUSED_FUNCTION = YES;
				GCC_WARN_UNUSED_VARIABLE = YES;
				IPHONEOS_DEPLOYMENT_TARGET = 10.1;
				MTL_ENABLE_DEBUG_INFO = NO;
				SDKROOT = iphoneos;
				SWIFT_OPTIMIZATION_LEVEL = "-Owholemodule";
				VALIDATE_PRODUCT = YES;
			};
			name = Release;
		};
		A87D85321DCEB9E200969D4E /* Debug */ = {
			isa = XCBuildConfiguration;
			buildSettings = {
				ASSETCATALOG_COMPILER_APPICON_NAME = AppIcon;
				INFOPLIST_FILE = Budgeter/Info.plist;
				LD_RUNPATH_SEARCH_PATHS = "$(inherited) @executable_path/Frameworks";
				PRODUCT_BUNDLE_IDENTIFIER = ysecs.org.Budgeter;
				PRODUCT_NAME = "$(TARGET_NAME)";
				SWIFT_VERSION = 3.0;
			};
			name = Debug;
		};
		A87D85331DCEB9E200969D4E /* Release */ = {
			isa = XCBuildConfiguration;
			buildSettings = {
				ASSETCATALOG_COMPILER_APPICON_NAME = AppIcon;
				INFOPLIST_FILE = Budgeter/Info.plist;
				LD_RUNPATH_SEARCH_PATHS = "$(inherited) @executable_path/Frameworks";
				PRODUCT_BUNDLE_IDENTIFIER = ysecs.org.Budgeter;
				PRODUCT_NAME = "$(TARGET_NAME)";
				SWIFT_VERSION = 3.0;
			};
			name = Release;
		};
		A87D85351DCEB9E200969D4E /* Debug */ = {
			isa = XCBuildConfiguration;
			buildSettings = {
				ALWAYS_EMBED_SWIFT_STANDARD_LIBRARIES = YES;
				BUNDLE_LOADER = "$(TEST_HOST)";
				INFOPLIST_FILE = BudgeterTests/Info.plist;
				LD_RUNPATH_SEARCH_PATHS = "$(inherited) @executable_path/Frameworks @loader_path/Frameworks";
				PRODUCT_BUNDLE_IDENTIFIER = ysecs.org.BudgeterTests;
				PRODUCT_NAME = "$(TARGET_NAME)";
				SWIFT_VERSION = 3.0;
				TEST_HOST = "$(BUILT_PRODUCTS_DIR)/Budgeter.app/Budgeter";
			};
			name = Debug;
		};
		A87D85361DCEB9E200969D4E /* Release */ = {
			isa = XCBuildConfiguration;
			buildSettings = {
				ALWAYS_EMBED_SWIFT_STANDARD_LIBRARIES = YES;
				BUNDLE_LOADER = "$(TEST_HOST)";
				INFOPLIST_FILE = BudgeterTests/Info.plist;
				LD_RUNPATH_SEARCH_PATHS = "$(inherited) @executable_path/Frameworks @loader_path/Frameworks";
				PRODUCT_BUNDLE_IDENTIFIER = ysecs.org.BudgeterTests;
				PRODUCT_NAME = "$(TARGET_NAME)";
				SWIFT_VERSION = 3.0;
				TEST_HOST = "$(BUILT_PRODUCTS_DIR)/Budgeter.app/Budgeter";
			};
			name = Release;
		};
		A87D85381DCEB9E200969D4E /* Debug */ = {
			isa = XCBuildConfiguration;
			buildSettings = {
				ALWAYS_EMBED_SWIFT_STANDARD_LIBRARIES = YES;
				INFOPLIST_FILE = BudgeterUITests/Info.plist;
				LD_RUNPATH_SEARCH_PATHS = "$(inherited) @executable_path/Frameworks @loader_path/Frameworks";
				PRODUCT_BUNDLE_IDENTIFIER = ysecs.org.BudgeterUITests;
				PRODUCT_NAME = "$(TARGET_NAME)";
				SWIFT_VERSION = 3.0;
				TEST_TARGET_NAME = Budgeter;
			};
			name = Debug;
		};
		A87D85391DCEB9E200969D4E /* Release */ = {
			isa = XCBuildConfiguration;
			buildSettings = {
				ALWAYS_EMBED_SWIFT_STANDARD_LIBRARIES = YES;
				INFOPLIST_FILE = BudgeterUITests/Info.plist;
				LD_RUNPATH_SEARCH_PATHS = "$(inherited) @executable_path/Frameworks @loader_path/Frameworks";
				PRODUCT_BUNDLE_IDENTIFIER = ysecs.org.BudgeterUITests;
				PRODUCT_NAME = "$(TARGET_NAME)";
				SWIFT_VERSION = 3.0;
				TEST_TARGET_NAME = Budgeter;
			};
			name = Release;
		};
/* End XCBuildConfiguration section */

/* Begin XCConfigurationList section */
		A87D85011DCEB9E100969D4E /* Build configuration list for PBXProject "Budgeter" */ = {
			isa = XCConfigurationList;
			buildConfigurations = (
				A87D852F1DCEB9E200969D4E /* Debug */,
				A87D85301DCEB9E200969D4E /* Release */,
			);
			defaultConfigurationIsVisible = 0;
			defaultConfigurationName = Release;
		};
		A87D85311DCEB9E200969D4E /* Build configuration list for PBXNativeTarget "Budgeter" */ = {
			isa = XCConfigurationList;
			buildConfigurations = (
				A87D85321DCEB9E200969D4E /* Debug */,
				A87D85331DCEB9E200969D4E /* Release */,
			);
			defaultConfigurationIsVisible = 0;
		};
		A87D85341DCEB9E200969D4E /* Build configuration list for PBXNativeTarget "BudgeterTests" */ = {
			isa = XCConfigurationList;
			buildConfigurations = (
				A87D85351DCEB9E200969D4E /* Debug */,
				A87D85361DCEB9E200969D4E /* Release */,
			);
			defaultConfigurationIsVisible = 0;
		};
		A87D85371DCEB9E200969D4E /* Build configuration list for PBXNativeTarget "BudgeterUITests" */ = {
			isa = XCConfigurationList;
			buildConfigurations = (
				A87D85381DCEB9E200969D4E /* Debug */,
				A87D85391DCEB9E200969D4E /* Release */,
			);
			defaultConfigurationIsVisible = 0;
		};
/* End XCConfigurationList section */

/* Begin XCVersionGroup section */
		A87D85101DCEB9E100969D4E /* Budgeter.xcdatamodeld */ = {
			isa = XCVersionGroup;
			children = (
				A87D85111DCEB9E100969D4E /* Budgeter.xcdatamodel */,
			);
			currentVersion = A87D85111DCEB9E100969D4E /* Budgeter.xcdatamodel */;
			path = Budgeter.xcdatamodeld;
			sourceTree = "<group>";
			versionGroupType = wrapper.xcdatamodel;
		};
/* End XCVersionGroup section */
	};
	rootObject = A87D84FE1DCEB9E100969D4E /* Project object */;
}
